github.com/godbus/dbus/v5 v5.2.1 h1:I4wwMdWSkmI57ewd+elNGwLRf2/dtSaFz1DujfWYvOk=
github.com/godbus/dbus/v5 v5.2.1/go.mod h1:3AAv2+hPq5rdnr5txxxRwiGjPXamgoIHgz9FPBfOp3c=
golang.org/x/sys v0.27.0 h1:wBqf8DvsY9Y/2P8gAfPDEYNuS30J4lPHJxXSb/nJZ+s=
golang.org/x/sys v0.27.0/go.mod h1:/VUhepiaJMQUp4+oa/7Zr1D23ma6VTLIYjOOTFZPUcA=
